{
  "requires": true,
  "lockfileVersion": 1,
  "dependencies": {
    "jquery": {
      "version": "3.2.1",
      "resolved": "https://registry.npmjs.org/jquery/-/jquery-3.2.1.tgz",
      "integrity": "sha1-XE2d5lKvbNCncBVKYxu6ErAVx4c="
    },
    "jquery.pep.js": {
      "version": "0.6.10",
      "resolved": "https://registry.npmjs.org/jquery.pep.js/-/jquery.pep.js-0.6.10.tgz",
      "integrity": "sha1-5hGHhlSnYhpZ02AaygqTL5Ygvwg=",
      "requires": {
        "jquery": "3.2.1"
      }
    }
  }
}
